PODS:
  - Alamofire (4.8.2)
  - CocoaLumberjack (3.5.3):
    - CocoaLumberjack/Core (= 3.5.3)
  - CocoaLumberjack/Core (3.5.3)
  - SVGKit (2.1.1):
    - CocoaLumberjack (~> 3.0)
  - SwiftGifOrigin (1.7.0)
  - SwiftyJSON (4.3.0)

DEPENDENCIES:
  - Alamofire
  - SVGKit
  - SwiftGifOrigin
  - SwiftyJSON (~> 4.0)

SPEC REPOS:
  https://github.com/cocoapods/specs.git:
    - Alamofire
    - CocoaLumberjack
    - SVGKit
    - SwiftGifOrigin
    - SwiftyJSON

SPEC CHECKSUMS:
  Alamofire: ae5c501addb7afdbb13687d7f2f722c78734c2d3
  CocoaLumberjack: 2f44e60eb91c176d471fdba43b9e3eae6a721947
  SVGKit: 652cdf7bef8bec8564d04a8511d3ab50c7595fac
  SwiftGifOrigin: fbd6cf37afcfcf97a5c3db996ddc0492e5c5c145
  SwiftyJSON: 6faa0040f8b59dead0ee07436cbf76b73c08fd08

PODFILE CHECKSUM: c165151d3f5b0cea834cdcfb5c3206a3395cac17

COCOAPODS: 1.5.3
